
Microsoft Visual Studio Solution File, Format Version 12.00
# Visual Studio Version 17
VisualStudioVersion = 17.8.34309.116
MinimumVisualStudioVersion = 10.0.40219.1
Project("{9A19103F-16F7-4668-BE54-9A1E7A4F7556}") = "TranslateAppWPF", "TranslateAppWPF.csproj", "{5A4A2BE2-26BC-408A-9844-7A20A03536B5}"
EndProject
Global
	GlobalSection(SolutionConfigurationPlatforms) = preSolution
		Debug|Any CPU = Debug|Any CPU
		Release|Any CPU = Release|Any CPU
	EndGlobalSection
	GlobalSection(ProjectConfigurationPlatforms) = postSolution
		{5A4A2BE2-26BC-408A-9844-7A20A03536B5}.Debug|Any CPU.ActiveCfg = Debug|Any CPU
		{5A4A2BE2-26BC-408A-9844-7A20A03536B5}.Debug|Any CPU.Build.0 = Debug|Any CPU
		{5A4A2BE2-26BC-408A-9844-7A20A03536B5}.Release|Any CPU.ActiveCfg = Release|Any CPU
		{5A4A2BE2-26BC-408A-9844-7A20A03536B5}.Release|Any CPU.Build.0 = Release|Any CPU
	EndGlobalSection
	GlobalSection(SolutionProperties) = preSolution
		HideSolutionNode = FALSE
	EndGlobalSection
	GlobalSection(ExtensibilityGlobals) = postSolution
		SolutionGuid = {3567F183-0D22-4317-A2EB-EC0375A6BD8B}
	EndGlobalSection
EndGlobal
